{
  "name": "contributor-report-cli",
  "version": "0.1.1",
  "lockfileVersion": 3,
  "requires": true,
  "packages": {
    "": {
      "name": "contributor-report-cli",
      "version": "0.1.1",
      "license": "MIT",
      "bin": {
        "contributor-report": "bin/contributor-report.js"
      },
      "engines": {
        "node": ">=20"
      }
    }
  }
}
